
Microsoft Visual Studio Solution File, Format Version 12.00
# Visual Studio Version 16
VisualStudioVersion = 16.0.31624.102
MinimumVisualStudioVersion = 10.0.40219.1
Project("{9A19103F-16F7-4668-BE54-9A1E7A4F7556}") = "SportEvent.API", "SportEvent.API\SportEvent.API.csproj", "{F5A067A7-437B-48C1-A3E2-67701FC7EA3D}"
EndProject
Project("{FAE04EC0-301F-11D3-BF4B-00C04F79EFBC}") = "SportEvent.DAL", "SportEvent.DAL\SportEvent.DAL.csproj", "{391058BB-B716-467F-84CD-1E94B6947095}"
EndProject
Project("{FAE04EC0-301F-11D3-BF4B-00C04F79EFBC}") = "SportEvent.BLL", "SportEvent.BLL\SportEvent.BLL.csproj", "{DEADD41A-73BF-4E42-AB05-5F4A42716B75}"
EndProject
Global
	GlobalSection(SolutionConfigurationPlatforms) = preSolution
		Debug|Any CPU = Debug|Any CPU
		Release|Any CPU = Release|Any CPU
	EndGlobalSection
	GlobalSection(ProjectConfigurationPlatforms) = postSolution
		{F5A067A7-437B-48C1-A3E2-67701FC7EA3D}.Debug|Any CPU.ActiveCfg = Debug|Any CPU
		{F5A067A7-437B-48C1-A3E2-67701FC7EA3D}.Debug|Any CPU.Build.0 = Debug|Any CPU
		{F5A067A7-437B-48C1-A3E2-67701FC7EA3D}.Release|Any CPU.ActiveCfg = Release|Any CPU
		{F5A067A7-437B-48C1-A3E2-67701FC7EA3D}.Release|Any CPU.Build.0 = Release|Any CPU
		{391058BB-B716-467F-84CD-1E94B6947095}.Debug|Any CPU.ActiveCfg = Debug|Any CPU
		{391058BB-B716-467F-84CD-1E94B6947095}.Debug|Any CPU.Build.0 = Debug|Any CPU
		{391058BB-B716-467F-84CD-1E94B6947095}.Release|Any CPU.ActiveCfg = Release|Any CPU
		{391058BB-B716-467F-84CD-1E94B6947095}.Release|Any CPU.Build.0 = Release|Any CPU
		{DEADD41A-73BF-4E42-AB05-5F4A42716B75}.Debug|Any CPU.ActiveCfg = Debug|Any CPU
		{DEADD41A-73BF-4E42-AB05-5F4A42716B75}.Debug|Any CPU.Build.0 = Debug|Any CPU
		{DEADD41A-73BF-4E42-AB05-5F4A42716B75}.Release|Any CPU.ActiveCfg = Release|Any CPU
		{DEADD41A-73BF-4E42-AB05-5F4A42716B75}.Release|Any CPU.Build.0 = Release|Any CPU
	EndGlobalSection
	GlobalSection(SolutionProperties) = preSolution
		HideSolutionNode = FALSE
	EndGlobalSection
	GlobalSection(ExtensibilityGlobals) = postSolution
		SolutionGuid = {D47A43FF-F0AC-461A-883E-8B307191B6D2}
	EndGlobalSection
EndGlobal
